
Microsoft Visual Studio Solution File, Format Version 12.00
# Visual Studio Version 17
VisualStudioVersion = 17.11.35327.3
MinimumVisualStudioVersion = 10.0.40219.1
Project("{FAE04EC0-301F-11D3-BF4B-00C04F79EFBC}") = "Karbantarto", "Karbantarto\Karbantarto.csproj", "{564FA97F-163A-4A00-B699-B32C8739B8F5}"
EndProject
Global
	GlobalSection(SolutionConfigurationPlatforms) = preSolution
		Debug|Any CPU = Debug|Any CPU
		Release|Any CPU = Release|Any CPU
	EndGlobalSection
	GlobalSection(ProjectConfigurationPlatforms) = postSolution
		{564FA97F-163A-4A00-B699-B32C8739B8F5}.Debug|Any CPU.ActiveCfg = Debug|Any CPU
		{564FA97F-163A-4A00-B699-B32C8739B8F5}.Debug|Any CPU.Build.0 = Debug|Any CPU
		{564FA97F-163A-4A00-B699-B32C8739B8F5}.Release|Any CPU.ActiveCfg = Release|Any CPU
		{564FA97F-163A-4A00-B699-B32C8739B8F5}.Release|Any CPU.Build.0 = Release|Any CPU
	EndGlobalSection
	GlobalSection(SolutionProperties) = preSolution
		HideSolutionNode = FALSE
	EndGlobalSection
	GlobalSection(ExtensibilityGlobals) = postSolution
		SolutionGuid = {C2F37673-97BE-47C8-B98D-0D78D40BCB70}
	EndGlobalSection
EndGlobal
